// !$*UTF8*$!
{
	archiveVersion = 1;
	classes = {
	};
	objectVersion = 50;
	objects = {

/* Begin PBXBuildFile section */
		F664C9182241487500BAB2F7 /* AppDelegate.swift in Sources */ = {isa = PBXBuildFile; fileRef = F664C9172241487500BAB2F7 /* AppDelegate.swift */; };
		F664C91A2241487500BAB2F7 /* PhotosGridViewController.swift in Sources */ = {isa = PBXBuildFile; fileRef = F664C9192241487500BAB2F7 /* PhotosGridViewController.swift */; };
		F664C91F2241487500BAB2F7 /* Assets.xcassets in Resources */ = {isa = PBXBuildFile; fileRef = F664C91E2241487500BAB2F7 /* Assets.xcassets */; };
		F664C9222241487500BAB2F7 /* LaunchScreen.storyboard in Resources */ = {isa = PBXBuildFile; fileRef = F664C9202241487500BAB2F7 /* LaunchScreen.storyboard */; };
		F664C93B224149E000BAB2F7 /* photo8.jpg in Resources */ = {isa = PBXBuildFile; fileRef = F664C92A224149E000BAB2F7 /* photo8.jpg */; };
		F664C93C224149E000BAB2F7 /* photo9.jpg in Resources */ = {isa = PBXBuildFile; fileRef = F664C92B224149E000BAB2F7 /* photo9.jpg */; };
		F664C93D224149E000BAB2F7 /* photo17.jpg in Resources */ = {isa = PBXBuildFile; fileRef = F664C92C224149E000BAB2F7 /* photo17.jpg */; };
		F664C93E224149E000BAB2F7 /* photo16.jpg in Resources */ = {isa = PBXBuildFile; fileRef = F664C92D224149E000BAB2F7 /* photo16.jpg */; };
		F664C93F224149E000BAB2F7 /* photo14.jpg in Resources */ = {isa = PBXBuildFile; fileRef = F664C92E224149E000BAB2F7 /* photo14.jpg */; };
		F664C940224149E000BAB2F7 /* photo15.jpg in Resources */ = {isa = PBXBuildFile; fileRef = F664C92F224149E000BAB2F7 /* photo15.jpg */; };
		F664C941224149E000BAB2F7 /* photo11.jpg in Resources */ = {isa = PBXBuildFile; fileRef = F664C930224149E000BAB2F7 /* photo11.jpg */; };
		F664C942224149E000BAB2F7 /* photo10.jpg in Resources */ = {isa = PBXBuildFile; fileRef = F664C931224149E000BAB2F7 /* photo10.jpg */; };
		F664C943224149E000BAB2F7 /* photo12.jpg in Resources */ = {isa = PBXBuildFile; fileRef = F664C932224149E000BAB2F7 /* photo12.jpg */; };
		F664C944224149E000BAB2F7 /* photo13.jpg in Resources */ = {isa = PBXBuildFile; fileRef = F664C933224149E000BAB2F7 /* photo13.jpg */; };
		F664C945224149E000BAB2F7 /* photo4.jpg in Resources */ = {isa = PBXBuildFile; fileRef = F664C934224149E000BAB2F7 /* photo4.jpg */; };
		F664C946224149E000BAB2F7 /* photo5.jpg in Resources */ = {isa = PBXBuildFile; fileRef = F664C935224149E000BAB2F7 /* photo5.jpg */; };
		F664C947224149E000BAB2F7 /* photo7.jpg in Resources */ = {isa = PBXBuildFile; fileRef = F664C936224149E000BAB2F7 /* photo7.jpg */; };
		F664C948224149E000BAB2F7 /* photo6.jpg in Resources */ = {isa = PBXBuildFile; fileRef = F664C937224149E000BAB2F7 /* photo6.jpg */; };
		F664C949224149E000BAB2F7 /* photo2.jpg in Resources */ = {isa = PBXBuildFile; fileRef = F664C938224149E000BAB2F7 /* photo2.jpg */; };
		F664C94A224149E000BAB2F7 /* photo3.jpg in Resources */ = {isa = PBXBuildFile; fileRef = F664C939224149E000BAB2F7 /* photo3.jpg */; };
		F664C94B224149E000BAB2F7 /* photo1.jpg in Resources */ = {isa = PBXBuildFile; fileRef = F664C93A224149E000BAB2F7 /* photo1.jpg */; };
		F664C94D22414B0100BAB2F7 /* PhotoCell.swift in Sources */ = {isa = PBXBuildFile; fileRef = F664C94C22414B0100BAB2F7 /* PhotoCell.swift */; };
		F664C96122414DA500BAB2F7 /* photo21.jpg in Resources */ = {isa = PBXBuildFile; fileRef = F664C94E22414DA400BAB2F7 /* photo21.jpg */; };
		F664C96222414DA500BAB2F7 /* photo31.jpg in Resources */ = {isa = PBXBuildFile; fileRef = F664C94F22414DA400BAB2F7 /* photo31.jpg */; };
		F664C96322414DA500BAB2F7 /* photo23.jpg in Resources */ = {isa = PBXBuildFile; fileRef = F664C95022414DA400BAB2F7 /* photo23.jpg */; };
		F664C96422414DA500BAB2F7 /* photo22.jpg in Resources */ = {isa = PBXBuildFile; fileRef = F664C95122414DA400BAB2F7 /* photo22.jpg */; };
		F664C96522414DA500BAB2F7 /* photo18.jpg in Resources */ = {isa = PBXBuildFile; fileRef = F664C95222414DA400BAB2F7 /* photo18.jpg */; };
		F664C96622414DA500BAB2F7 /* photo20.jpg in Resources */ = {isa = PBXBuildFile; fileRef = F664C95322414DA400BAB2F7 /* photo20.jpg */; };
		F664C96722414DA500BAB2F7 /* photo19.jpg in Resources */ = {isa = PBXBuildFile; fileRef = F664C95422414DA500BAB2F7 /* photo19.jpg */; };
		F664C96822414DA500BAB2F7 /* photo30.jpg in Resources */ = {isa = PBXBuildFile; fileRef = F664C95522414DA500BAB2F7 /* photo30.jpg */; };
		F664C96922414DA500BAB2F7 /* photo32.jpg in Resources */ = {isa = PBXBuildFile; fileRef = F664C95622414DA500BAB2F7 /* photo32.jpg */; };
		F664C96A22414DA500BAB2F7 /* photo24.jpg in Resources */ = {isa = PBXBuildFile; fileRef = F664C95722414DA500BAB2F7 /* photo24.jpg */; };
		F664C96B22414DA500BAB2F7 /* photo33.jpg in Resources */ = {isa = PBXBuildFile; fileRef = F664C95822414DA500BAB2F7 /* photo33.jpg */; };
		F664C96E22414DA500BAB2F7 /* photo27.jpg in Resources */ = {isa = PBXBuildFile; fileRef = F664C95B22414DA500BAB2F7 /* photo27.jpg */; };
		F664C96F22414DA500BAB2F7 /* photo34.jpg in Resources */ = {isa = PBXBuildFile; fileRef = F664C95C22414DA500BAB2F7 /* photo34.jpg */; };
		F664C97022414DA500BAB2F7 /* photo26.jpg in Resources */ = {isa = PBXBuildFile; fileRef = F664C95D22414DA500BAB2F7 /* photo26.jpg */; };
		F664C97122414DA500BAB2F7 /* photo28.jpg in Resources */ = {isa = PBXBuildFile; fileRef = F664C95E22414DA500BAB2F7 /* photo28.jpg */; };
		F664C97222414DA500BAB2F7 /* photo25.jpg in Resources */ = {isa = PBXBuildFile; fileRef = F664C95F22414DA500BAB2F7 /* photo25.jpg */; };
		F664C97322414DA500BAB2F7 /* photo29.jpg in Resources */ = {isa = PBXBuildFile; fileRef = F664C96022414DA500BAB2F7 /* photo29.jpg */; };
		F664C97522414F6F00BAB2F7 /* PhotoViewController.swift in Sources */ = {isa = PBXBuildFile; fileRef = F664C97422414F6F00BAB2F7 /* PhotoViewController.swift */; };
		F664C97E2243E5D400BAB2F7 /* UIImage+Extensions.swift in Sources */ = {isa = PBXBuildFile; fileRef = F664C97D2243E5D400BAB2F7 /* UIImage+Extensions.swift */; };
		F664C99922457C4400BAB2F7 /* RetroTransition.h in Headers */ = {isa = PBXBuildFile; fileRef = F664C99722457C4400BAB2F7 /* RetroTransition.h */; settings = {ATTRIBUTES = (Public, ); }; };
		F664C99C22457C4400BAB2F7 /* RetroTransition.framework in Frameworks */ = {isa = PBXBuildFile; fileRef = F664C99522457C4400BAB2F7 /* RetroTransition.framework */; };
		F664C99D22457C4400BAB2F7 /* RetroTransition.framework in Embed Frameworks */ = {isa = PBXBuildFile; fileRef = F664C99522457C4400BAB2F7 /* RetroTransition.framework */; settings = {ATTRIBUTES = (CodeSignOnCopy, RemoveHeadersOnCopy, ); }; };
		F664C9A222457C6C00BAB2F7 /* RetroTransition.swift in Sources */ = {isa = PBXBuildFile; fileRef = F664C9772241564D00BAB2F7 /* RetroTransition.swift */; };
		F664C9A322457C6C00BAB2F7 /* ClockRetroTransition.swift in Sources */ = {isa = PBXBuildFile; fileRef = F664C98122441E1100BAB2F7 /* ClockRetroTransition.swift */; };
		F664C9A422457C6C00BAB2F7 /* CircleRetroTransition.swift in Sources */ = {isa = PBXBuildFile; fileRef = F664C98322441E3400BAB2F7 /* CircleRetroTransition.swift */; };
		F664C9A522457C6C00BAB2F7 /* CrossFadeRetroTransition.swift in Sources */ = {isa = PBXBuildFile; fileRef = F664C98522441E5A00BAB2F7 /* CrossFadeRetroTransition.swift */; };
		F664C9A622457C6C00BAB2F7 /* RectanglerRetroTransition.swift in Sources */ = {isa = PBXBuildFile; fileRef = F664C98722441E7400BAB2F7 /* RectanglerRetroTransition.swift */; };
		F664C9A722457C6C00BAB2F7 /* MultiCircleRetroTransition.swift in Sources */ = {isa = PBXBuildFile; fileRef = F664C9892244A3B000BAB2F7 /* MultiCircleRetroTransition.swift */; };
		F664C9A822457C6C00BAB2F7 /* FlipRetroTransition.swift in Sources */ = {isa = PBXBuildFile; fileRef = F664C98B2244B5DB00BAB2F7 /* FlipRetroTransition.swift */; };
		F664C9A922457C6C00BAB2F7 /* TiledFlipRetroTransition.swift in Sources */ = {isa = PBXBuildFile; fileRef = F664C98D2244BD7500BAB2F7 /* TiledFlipRetroTransition.swift */; };
		F664C9AA22457D5100BAB2F7 /* RetroTransition.swift in Headers */ = {isa = PBXBuildFile; fileRef = F664C9772241564D00BAB2F7 /* RetroTransition.swift */; settings = {ATTRIBUTES = (Public, ); }; };
		F664C9AB22457D5100BAB2F7 /* ClockRetroTransition.swift in Headers */ = {isa = PBXBuildFile; fileRef = F664C98122441E1100BAB2F7 /* ClockRetroTransition.swift */; settings = {ATTRIBUTES = (Public, ); }; };
		F664C9AC22457D5100BAB2F7 /* CircleRetroTransition.swift in Headers */ = {isa = PBXBuildFile; fileRef = F664C98322441E3400BAB2F7 /* CircleRetroTransition.swift */; settings = {ATTRIBUTES = (Public, ); }; };
		F664C9AD22457D5100BAB2F7 /* CrossFadeRetroTransition.swift in Headers */ = {isa = PBXBuildFile; fileRef = F664C98522441E5A00BAB2F7 /* CrossFadeRetroTransition.swift */; settings = {ATTRIBUTES = (Public, ); }; };
		F664C9AE22457D5100BAB2F7 /* RectanglerRetroTransition.swift in Headers */ = {isa = PBXBuildFile; fileRef = F664C98722441E7400BAB2F7 /* RectanglerRetroTransition.swift */; settings = {ATTRIBUTES = (Public, ); }; };
		F664C9AF22457D5100BAB2F7 /* MultiCircleRetroTransition.swift in Headers */ = {isa = PBXBuildFile; fileRef = F664C9892244A3B000BAB2F7 /* MultiCircleRetroTransition.swift */; settings = {ATTRIBUTES = (Public, ); }; };
		F664C9B022457D5100BAB2F7 /* FlipRetroTransition.swift in Headers */ = {isa = PBXBuildFile; fileRef = F664C98B2244B5DB00BAB2F7 /* FlipRetroTransition.swift */; settings = {ATTRIBUTES = (Public, ); }; };
		F664C9B122457D5100BAB2F7 /* TiledFlipRetroTransition.swift in Headers */ = {isa = PBXBuildFile; fileRef = F664C98D2244BD7500BAB2F7 /* TiledFlipRetroTransition.swift */; settings = {ATTRIBUTES = (Public, ); }; };
		F664C9D12245E9A800BAB2F7 /* ImageRepeatingRetroTransition.swift in Sources */ = {isa = PBXBuildFile; fileRef = F664C9D02245E9A800BAB2F7 /* ImageRepeatingRetroTransition.swift */; };
		F664C9D22245ECEE00BAB2F7 /* ImageRepeatingRetroTransition.swift in Headers */ = {isa = PBXBuildFile; fileRef = F664C9D02245E9A800BAB2F7 /* ImageRepeatingRetroTransition.swift */; settings = {ATTRIBUTES = (Public, ); }; };
		F664C9D42245F00600BAB2F7 /* MultiFlipRetroAnimation.swift in Sources */ = {isa = PBXBuildFile; fileRef = F664C9D32245F00600BAB2F7 /* MultiFlipRetroAnimation.swift */; };
		F664C9D52245FC0F00BAB2F7 /* MultiFlipRetroAnimation.swift in Headers */ = {isa = PBXBuildFile; fileRef = F664C9D32245F00600BAB2F7 /* MultiFlipRetroAnimation.swift */; settings = {ATTRIBUTES = (Public, ); }; };
		F6BE6B5222492CE7002FAC06 /* AngleLineRetroTransition.swift in Sources */ = {isa = PBXBuildFile; fileRef = F6BE6B5122492CE7002FAC06 /* AngleLineRetroTransition.swift */; };
		F6BE6B5422494744002FAC06 /* StraightLineRetroAnimation.swift in Sources */ = {isa = PBXBuildFile; fileRef = F6BE6B5322494744002FAC06 /* StraightLineRetroAnimation.swift */; };
		F6BE6B5622494941002FAC06 /* CollidingDiamondsRetroTransition.swift in Sources */ = {isa = PBXBuildFile; fileRef = F6BE6B5522494941002FAC06 /* CollidingDiamondsRetroTransition.swift */; };
		F6BE6B58224950D1002FAC06 /* ShrinkingGrowingDiamondsRetroTransition.swift in Sources */ = {isa = PBXBuildFile; fileRef = F6BE6B57224950D1002FAC06 /* ShrinkingGrowingDiamondsRetroTransition.swift */; };
		F6BE6B5A22496882002FAC06 /* SplitFromCenterRetroTransition.swift in Sources */ = {isa = PBXBuildFile; fileRef = F6BE6B5922496882002FAC06 /* SplitFromCenterRetroTransition.swift */; };
		F6BE6B5C22496AB8002FAC06 /* SwingInRetroTransition.swift in Sources */ = {isa = PBXBuildFile; fileRef = F6BE6B5B22496AB8002FAC06 /* SwingInRetroTransition.swift */; };
/* End PBXBuildFile section */

/* Begin PBXContainerItemProxy section */
		F664C99A22457C4400BAB2F7 /* PBXContainerItemProxy */ = {
			isa = PBXContainerItemProxy;
			containerPortal = F664C90C2241487500BAB2F7 /* Project object */;
			proxyType = 1;
			remoteGlobalIDString = F664C99422457C4400BAB2F7;
			remoteInfo = RetroTransition;
		};
/* End PBXContainerItemProxy section */

/* Begin PBXCopyFilesBuildPhase section */
		F664C9A122457C4400BAB2F7 /* Embed Frameworks */ = {
			isa = PBXCopyFilesBuildPhase;
			buildActionMask = 2147483647;
			dstPath = "";
			dstSubfolderSpec = 10;
			files = (
				F664C99D22457C4400BAB2F7 /* RetroTransition.framework in Embed Frameworks */,
			);
			name = "Embed Frameworks";
			runOnlyForDeploymentPostprocessing = 0;
		};
/* End PBXCopyFilesBuildPhase section */

/* Begin PBXFileReference section */
		F664C9142241487500BAB2F7 /* RetroTransitionExample.app */ = {isa = PBXFileReference; explicitFileType = wrapper.application; includeInIndex = 0; path = RetroTransitionExample.app; sourceTree = BUILT_PRODUCTS_DIR; };
		F664C9172241487500BAB2F7 /* AppDelegate.swift */ = {isa = PBXFileReference; lastKnownFileType = sourcecode.swift; path = AppDelegate.swift; sourceTree = "<group>"; };
		F664C9192241487500BAB2F7 /* PhotosGridViewController.swift */ = {isa = PBXFileReference; lastKnownFileType = sourcecode.swift; path = PhotosGridViewController.swift; sourceTree = "<group>"; };
		F664C91E2241487500BAB2F7 /* Assets.xcassets */ = {isa = PBXFileReference; lastKnownFileType = folder.assetcatalog; path = Assets.xcassets; sourceTree = "<group>"; };
		F664C9212241487500BAB2F7 /* Base */ = {isa = PBXFileReference; lastKnownFileType = file.storyboard; name = Base; path = Base.lproj/LaunchScreen.storyboard; sourceTree = "<group>"; };
		F664C9232241487500BAB2F7 /* Info.plist */ = {isa = PBXFileReference; lastKnownFileType = text.plist.xml; path = Info.plist; sourceTree = "<group>"; };
		F664C92A224149E000BAB2F7 /* photo8.jpg */ = {isa = PBXFileReference; lastKnownFileType = image.jpeg; path = photo8.jpg; sourceTree = "<group>"; };
		F664C92B224149E000BAB2F7 /* photo9.jpg */ = {isa = PBXFileReference; lastKnownFileType = image.jpeg; path = photo9.jpg; sourceTree = "<group>"; };
		F664C92C224149E000BAB2F7 /* photo17.jpg */ = {isa = PBXFileReference; lastKnownFileType = image.jpeg; path = photo17.jpg; sourceTree = "<group>"; };
		F664C92D224149E000BAB2F7 /* photo16.jpg */ = {isa = PBXFileReference; lastKnownFileType = image.jpeg; path = photo16.jpg; sourceTree = "<group>"; };
		F664C92E224149E000BAB2F7 /* photo14.jpg */ = {isa = PBXFileReference; lastKnownFileType = image.jpeg; path = photo14.jpg; sourceTree = "<group>"; };
		F664C92F224149E000BAB2F7 /* photo15.jpg */ = {isa = PBXFileReference; lastKnownFileType = image.jpeg; path = photo15.jpg; sourceTree = "<group>"; };
		F664C930224149E000BAB2F7 /* photo11.jpg */ = {isa = PBXFileReference; lastKnownFileType = image.jpeg; path = photo11.jpg; sourceTree = "<group>"; };
		F664C931224149E000BAB2F7 /* photo10.jpg */ = {isa = PBXFileReference; lastKnownFileType = image.jpeg; path = photo10.jpg; sourceTree = "<group>"; };
		F664C932224149E000BAB2F7 /* photo12.jpg */ = {isa = PBXFileReference; lastKnownFileType = image.jpeg; path = photo12.jpg; sourceTree = "<group>"; };
		F664C933224149E000BAB2F7 /* photo13.jpg */ = {isa = PBXFileReference; lastKnownFileType = image.jpeg; path = photo13.jpg; sourceTree = "<group>"; };
		F664C934224149E000BAB2F7 /* photo4.jpg */ = {isa = PBXFileReference; lastKnownFileType = image.jpeg; path = photo4.jpg; sourceTree = "<group>"; };
		F664C935224149E000BAB2F7 /* photo5.jpg */ = {isa = PBXFileReference; lastKnownFileType = image.jpeg; path = photo5.jpg; sourceTree = "<group>"; };
		F664C936224149E000BAB2F7 /* photo7.jpg */ = {isa = PBXFileReference; lastKnownFileType = image.jpeg; path = photo7.jpg; sourceTree = "<group>"; };
		F664C937224149E000BAB2F7 /* photo6.jpg */ = {isa = PBXFileReference; lastKnownFileType = image.jpeg; path = photo6.jpg; sourceTree = "<group>"; };
		F664C938224149E000BAB2F7 /* photo2.jpg */ = {isa = PBXFileReference; lastKnownFileType = image.jpeg; path = photo2.jpg; sourceTree = "<group>"; };
		F664C939224149E000BAB2F7 /* photo3.jpg */ = {isa = PBXFileReference; lastKnownFileType = image.jpeg; path = photo3.jpg; sourceTree = "<group>"; };
		F664C93A224149E000BAB2F7 /* photo1.jpg */ = {isa = PBXFileReference; lastKnownFileType = image.jpeg; path = photo1.jpg; sourceTree = "<group>"; };
		F664C94C22414B0100BAB2F7 /* PhotoCell.swift */ = {isa = PBXFileReference; lastKnownFileType = sourcecode.swift; path = PhotoCell.swift; sourceTree = "<group>"; };
		F664C94E22414DA400BAB2F7 /* photo21.jpg */ = {isa = PBXFileReference; lastKnownFileType = image.jpeg; path = photo21.jpg; sourceTree = "<group>"; };
		F664C94F22414DA400BAB2F7 /* photo31.jpg */ = {isa = PBXFileReference; lastKnownFileType = image.jpeg; path = photo31.jpg; sourceTree = "<group>"; };
		F664C95022414DA400BAB2F7 /* photo23.jpg */ = {isa = PBXFileReference; lastKnownFileType = image.jpeg; path = photo23.jpg; sourceTree = "<group>"; };
		F664C95122414DA400BAB2F7 /* photo22.jpg */ = {isa = PBXFileReference; lastKnownFileType = image.jpeg; path = photo22.jpg; sourceTree = "<group>"; };
		F664C95222414DA400BAB2F7 /* photo18.jpg */ = {isa = PBXFileReference; lastKnownFileType = image.jpeg; path = photo18.jpg; sourceTree = "<group>"; };
		F664C95322414DA400BAB2F7 /* photo20.jpg */ = {isa = PBXFileReference; lastKnownFileType = image.jpeg; path = photo20.jpg; sourceTree = "<group>"; };
		F664C95422414DA500BAB2F7 /* photo19.jpg */ = {isa = PBXFileReference; lastKnownFileType = image.jpeg; path = photo19.jpg; sourceTree = "<group>"; };
		F664C95522414DA500BAB2F7 /* photo30.jpg */ = {isa = PBXFileReference; lastKnownFileType = image.jpeg; path = photo30.jpg; sourceTree = "<group>"; };
		F664C95622414DA500BAB2F7 /* photo32.jpg */ = {isa = PBXFileReference; lastKnownFileType = image.jpeg; path = photo32.jpg; sourceTree = "<group>"; };
		F664C95722414DA500BAB2F7 /* photo24.jpg */ = {isa = PBXFileReference; lastKnownFileType = image.jpeg; path = photo24.jpg; sourceTree = "<group>"; };
		F664C95822414DA500BAB2F7 /* photo33.jpg */ = {isa = PBXFileReference; lastKnownFileType = image.jpeg; path = photo33.jpg; sourceTree = "<group>"; };
		F664C95B22414DA500BAB2F7 /* photo27.jpg */ = {isa = PBXFileReference; lastKnownFileType = image.jpeg; path = photo27.jpg; sourceTree = "<group>"; };
		F664C95C22414DA500BAB2F7 /* photo34.jpg */ = {isa = PBXFileReference; lastKnownFileType = image.jpeg; path = photo34.jpg; sourceTree = "<group>"; };
		F664C95D22414DA500BAB2F7 /* photo26.jpg */ = {isa = PBXFileReference; lastKnownFileType = image.jpeg; path = photo26.jpg; sourceTree = "<group>"; };
		F664C95E22414DA500BAB2F7 /* photo28.jpg */ = {isa = PBXFileReference; lastKnownFileType = image.jpeg; path = photo28.jpg; sourceTree = "<group>"; };
		F664C95F22414DA500BAB2F7 /* photo25.jpg */ = {isa = PBXFileReference; lastKnownFileType = image.jpeg; path = photo25.jpg; sourceTree = "<group>"; };
		F664C96022414DA500BAB2F7 /* photo29.jpg */ = {isa = PBXFileReference; lastKnownFileType = image.jpeg; path = photo29.jpg; sourceTree = "<group>"; };
		F664C97422414F6F00BAB2F7 /* PhotoViewController.swift */ = {isa = PBXFileReference; lastKnownFileType = sourcecode.swift; path = PhotoViewController.swift; sourceTree = "<group>"; };
		F664C9772241564D00BAB2F7 /* RetroTransition.swift */ = {isa = PBXFileReference; lastKnownFileType = sourcecode.swift; path = RetroTransition.swift; sourceTree = "<group>"; };
		F664C97D2243E5D400BAB2F7 /* UIImage+Extensions.swift */ = {isa = PBXFileReference; lastKnownFileType = sourcecode.swift; path = "UIImage+Extensions.swift"; sourceTree = "<group>"; };
		F664C98122441E1100BAB2F7 /* ClockRetroTransition.swift */ = {isa = PBXFileReference; lastKnownFileType = sourcecode.swift; path = ClockRetroTransition.swift; sourceTree = "<group>"; };
		F664C98322441E3400BAB2F7 /* CircleRetroTransition.swift */ = {isa = PBXFileReference; lastKnownFileType = sourcecode.swift; path = CircleRetroTransition.swift; sourceTree = "<group>"; };
		F664C98522441E5A00BAB2F7 /* CrossFadeRetroTransition.swift */ = {isa = PBXFileReference; lastKnownFileType = sourcecode.swift; path = CrossFadeRetroTransition.swift; sourceTree = "<group>"; };
		F664C98722441E7400BAB2F7 /* RectanglerRetroTransition.swift */ = {isa = PBXFileReference; lastKnownFileType = sourcecode.swift; path = RectanglerRetroTransition.swift; sourceTree = "<group>"; };
		F664C9892244A3B000BAB2F7 /* MultiCircleRetroTransition.swift */ = {isa = PBXFileReference; lastKnownFileType = sourcecode.swift; path = MultiCircleRetroTransition.swift; sourceTree = "<group>"; };
		F664C98B2244B5DB00BAB2F7 /* FlipRetroTransition.swift */ = {isa = PBXFileReference; lastKnownFileType = sourcecode.swift; path = FlipRetroTransition.swift; sourceTree = "<group>"; };
		F664C98D2244BD7500BAB2F7 /* TiledFlipRetroTransition.swift */ = {isa = PBXFileReference; lastKnownFileType = sourcecode.swift; path = TiledFlipRetroTransition.swift; sourceTree = "<group>"; };
		F664C99522457C4400BAB2F7 /* RetroTransition.framework */ = {isa = PBXFileReference; explicitFileType = wrapper.framework; includeInIndex = 0; path = RetroTransition.framework; sourceTree = BUILT_PRODUCTS_DIR; };
		F664C99722457C4400BAB2F7 /* RetroTransition.h */ = {isa = PBXFileReference; lastKnownFileType = sourcecode.c.h; path = RetroTransition.h; sourceTree = "<group>"; };
		F664C99822457C4400BAB2F7 /* Info.plist */ = {isa = PBXFileReference; lastKnownFileType = text.plist.xml; path = Info.plist; sourceTree = "<group>"; };
		F664C9D02245E9A800BAB2F7 /* ImageRepeatingRetroTransition.swift */ = {isa = PBXFileReference; lastKnownFileType = sourcecode.swift; path = ImageRepeatingRetroTransition.swift; sourceTree = "<group>"; };
		F664C9D32245F00600BAB2F7 /* MultiFlipRetroAnimation.swift */ = {isa = PBXFileReference; lastKnownFileType = sourcecode.swift; path = MultiFlipRetroAnimation.swift; sourceTree = "<group>"; };
		F6BE6B5122492CE7002FAC06 /* AngleLineRetroTransition.swift */ = {isa = PBXFileReference; lastKnownFileType = sourcecode.swift; path = AngleLineRetroTransition.swift; sourceTree = "<group>"; };
		F6BE6B5322494744002FAC06 /* StraightLineRetroAnimation.swift */ = {isa = PBXFileReference; lastKnownFileType = sourcecode.swift; path = StraightLineRetroAnimation.swift; sourceTree = "<group>"; };
		F6BE6B5522494941002FAC06 /* CollidingDiamondsRetroTransition.swift */ = {isa = PBXFileReference; lastKnownFileType = sourcecode.swift; path = CollidingDiamondsRetroTransition.swift; sourceTree = "<group>"; };
		F6BE6B57224950D1002FAC06 /* ShrinkingGrowingDiamondsRetroTransition.swift */ = {isa = PBXFileReference; lastKnownFileType = sourcecode.swift; path = ShrinkingGrowingDiamondsRetroTransition.swift; sourceTree = "<group>"; };
		F6BE6B5922496882002FAC06 /* SplitFromCenterRetroTransition.swift */ = {isa = PBXFileReference; lastKnownFileType = sourcecode.swift; path = SplitFromCenterRetroTransition.swift; sourceTree = "<group>"; };
		F6BE6B5B22496AB8002FAC06 /* SwingInRetroTransition.swift */ = {isa = PBXFileReference; lastKnownFileType = sourcecode.swift; path = SwingInRetroTransition.swift; sourceTree = "<group>"; };
/* End PBXFileReference section */

/* Begin PBXFrameworksBuildPhase section */
		F664C9112241487500BAB2F7 /* Frameworks */ = {
			isa = PBXFrameworksBuildPhase;
			buildActionMask = 2147483647;
			files = (
				F664C99C22457C4400BAB2F7 /* RetroTransition.framework in Frameworks */,
			);
			runOnlyForDeploymentPostprocessing = 0;
		};
		F664C99222457C4400BAB2F7 /* Frameworks */ = {
			isa = PBXFrameworksBuildPhase;
			buildActionMask = 2147483647;
			files = (
			);
			runOnlyForDeploymentPostprocessing = 0;
		};
/* End PBXFrameworksBuildPhase section */

/* Begin PBXGroup section */
		F664C90B2241487500BAB2F7 = {
			isa = PBXGroup;
			children = (
				F664C9162241487500BAB2F7 /* RetroTransition */,
				F664C99622457C4400BAB2F7 /* RetroTransition */,
				F664C9152241487500BAB2F7 /* Products */,
			);
			sourceTree = "<group>";
		};
		F664C9152241487500BAB2F7 /* Products */ = {
			isa = PBXGroup;
			children = (
				F664C9142241487500BAB2F7 /* RetroTransitionExample.app */,
				F664C99522457C4400BAB2F7 /* RetroTransition.framework */,
			);
			name = Products;
			sourceTree = "<group>";
		};
		F664C9162241487500BAB2F7 /* RetroTransition */ = {
			isa = PBXGroup;
			children = (
				F664C929224149E000BAB2F7 /* photos */,
				F664C9172241487500BAB2F7 /* AppDelegate.swift */,
				F664C9192241487500BAB2F7 /* PhotosGridViewController.swift */,
				F664C97422414F6F00BAB2F7 /* PhotoViewController.swift */,
				F664C94C22414B0100BAB2F7 /* PhotoCell.swift */,
				F664C97D2243E5D400BAB2F7 /* UIImage+Extensions.swift */,
				F664C91E2241487500BAB2F7 /* Assets.xcassets */,
				F664C9202241487500BAB2F7 /* LaunchScreen.storyboard */,
				F664C9232241487500BAB2F7 /* Info.plist */,
			);
			path = RetroTransition;
			sourceTree = "<group>";
		};
		F664C929224149E000BAB2F7 /* photos */ = {
			isa = PBXGroup;
			children = (
				F664C93A224149E000BAB2F7 /* photo1.jpg */,
				F664C938224149E000BAB2F7 /* photo2.jpg */,
				F664C939224149E000BAB2F7 /* photo3.jpg */,
				F664C934224149E000BAB2F7 /* photo4.jpg */,
				F664C935224149E000BAB2F7 /* photo5.jpg */,
				F664C937224149E000BAB2F7 /* photo6.jpg */,
				F664C936224149E000BAB2F7 /* photo7.jpg */,
				F664C92A224149E000BAB2F7 /* photo8.jpg */,
				F664C92B224149E000BAB2F7 /* photo9.jpg */,
				F664C931224149E000BAB2F7 /* photo10.jpg */,
				F664C930224149E000BAB2F7 /* photo11.jpg */,
				F664C932224149E000BAB2F7 /* photo12.jpg */,
				F664C933224149E000BAB2F7 /* photo13.jpg */,
				F664C92E224149E000BAB2F7 /* photo14.jpg */,
				F664C92F224149E000BAB2F7 /* photo15.jpg */,
				F664C92D224149E000BAB2F7 /* photo16.jpg */,
				F664C92C224149E000BAB2F7 /* photo17.jpg */,
				F664C95222414DA400BAB2F7 /* photo18.jpg */,
				F664C95422414DA500BAB2F7 /* photo19.jpg */,
				F664C95322414DA400BAB2F7 /* photo20.jpg */,
				F664C94E22414DA400BAB2F7 /* photo21.jpg */,
				F664C95122414DA400BAB2F7 /* photo22.jpg */,
				F664C95022414DA400BAB2F7 /* photo23.jpg */,
				F664C95722414DA500BAB2F7 /* photo24.jpg */,
				F664C95F22414DA500BAB2F7 /* photo25.jpg */,
				F664C95D22414DA500BAB2F7 /* photo26.jpg */,
				F664C95B22414DA500BAB2F7 /* photo27.jpg */,
				F664C95E22414DA500BAB2F7 /* photo28.jpg */,
				F664C96022414DA500BAB2F7 /* photo29.jpg */,
				F664C95522414DA500BAB2F7 /* photo30.jpg */,
				F664C94F22414DA400BAB2F7 /* photo31.jpg */,
				F664C95622414DA500BAB2F7 /* photo32.jpg */,
				F664C95822414DA500BAB2F7 /* photo33.jpg */,
				F664C95C22414DA500BAB2F7 /* photo34.jpg */,
			);
			path = photos;
			sourceTree = "<group>";
		};
		F664C976224154E900BAB2F7 /* Transitions */ = {
			isa = PBXGroup;
			children = (
				F664C99722457C4400BAB2F7 /* RetroTransition.h */,
				F664C9772241564D00BAB2F7 /* RetroTransition.swift */,
				F664C98122441E1100BAB2F7 /* ClockRetroTransition.swift */,
				F664C98322441E3400BAB2F7 /* CircleRetroTransition.swift */,
				F664C98522441E5A00BAB2F7 /* CrossFadeRetroTransition.swift */,
				F664C98722441E7400BAB2F7 /* RectanglerRetroTransition.swift */,
				F664C9892244A3B000BAB2F7 /* MultiCircleRetroTransition.swift */,
				F664C98B2244B5DB00BAB2F7 /* FlipRetroTransition.swift */,
				F664C98D2244BD7500BAB2F7 /* TiledFlipRetroTransition.swift */,
				F664C9D02245E9A800BAB2F7 /* ImageRepeatingRetroTransition.swift */,
				F664C9D32245F00600BAB2F7 /* MultiFlipRetroAnimation.swift */,
				F6BE6B5122492CE7002FAC06 /* AngleLineRetroTransition.swift */,
				F6BE6B5322494744002FAC06 /* StraightLineRetroAnimation.swift */,
				F6BE6B5522494941002FAC06 /* CollidingDiamondsRetroTransition.swift */,
				F6BE6B57224950D1002FAC06 /* ShrinkingGrowingDiamondsRetroTransition.swift */,
				F6BE6B5922496882002FAC06 /* SplitFromCenterRetroTransition.swift */,
				F6BE6B5B22496AB8002FAC06 /* SwingInRetroTransition.swift */,
			);
			path = Transitions;
			sourceTree = "<group>";
		};
		F664C99622457C4400BAB2F7 /* RetroTransition */ = {
			isa = PBXGroup;
			children = (
				F664C976224154E900BAB2F7 /* Transitions */,
				F664C99822457C4400BAB2F7 /* Info.plist */,
			);
			path = RetroTransition;
			sourceTree = "<group>";
		};
/* End PBXGroup section */

/* Begin PBXHeadersBuildPhase section */
		F664C99022457C4400BAB2F7 /* Headers */ = {
			isa = PBXHeadersBuildPhase;
			buildActionMask = 2147483647;
			files = (
				F664C99922457C4400BAB2F7 /* RetroTransition.h in Headers */,
				F664C9AA22457D5100BAB2F7 /* RetroTransition.swift in Headers */,
				F664C9AB22457D5100BAB2F7 /* ClockRetroTransition.swift in Headers */,
				F664C9AC22457D5100BAB2F7 /* CircleRetroTransition.swift in Headers */,
				F664C9AD22457D5100BAB2F7 /* CrossFadeRetroTransition.swift in Headers */,
				F664C9AE22457D5100BAB2F7 /* RectanglerRetroTransition.swift in Headers */,
				F664C9AF22457D5100BAB2F7 /* MultiCircleRetroTransition.swift in Headers */,
				F664C9B022457D5100BAB2F7 /* FlipRetroTransition.swift in Headers */,
				F664C9D22245ECEE00BAB2F7 /* ImageRepeatingRetroTransition.swift in Headers */,
				F664C9D52245FC0F00BAB2F7 /* MultiFlipRetroAnimation.swift in Headers */,
				F664C9B122457D5100BAB2F7 /* TiledFlipRetroTransition.swift in Headers */,
			);
			runOnlyForDeploymentPostprocessing = 0;
		};
/* End PBXHeadersBuildPhase section */

/* Begin PBXNativeTarget section */
		F664C9132241487500BAB2F7 /* RetroTransitionExample */ = {
			isa = PBXNativeTarget;
			buildConfigurationList = F664C9262241487500BAB2F7 /* Build configuration list for PBXNativeTarget "RetroTransitionExample" */;
			buildPhases = (
				F664C9102241487500BAB2F7 /* Sources */,
				F664C9112241487500BAB2F7 /* Frameworks */,
				F664C9122241487500BAB2F7 /* Resources */,
				F664C9A122457C4400BAB2F7 /* Embed Frameworks */,
			);
			buildRules = (
			);
			dependencies = (
				F664C99B22457C4400BAB2F7 /* PBXTargetDependency */,
			);
			name = RetroTransitionExample;
			productName = RetroTransition;
			productReference = F664C9142241487500BAB2F7 /* RetroTransitionExample.app */;
			productType = "com.apple.product-type.application";
		};
		F664C99422457C4400BAB2F7 /* RetroTransition */ = {
			isa = PBXNativeTarget;
			buildConfigurationList = F664C99E22457C4400BAB2F7 /* Build configuration list for PBXNativeTarget "RetroTransition" */;
			buildPhases = (
				F664C99022457C4400BAB2F7 /* Headers */,
				F664C99122457C4400BAB2F7 /* Sources */,
				F664C99222457C4400BAB2F7 /* Frameworks */,
				F664C99322457C4400BAB2F7 /* Resources */,
			);
			buildRules = (
			);
			dependencies = (
			);
			name = RetroTransition;
			productName = RetroTransition;
			productReference = F664C99522457C4400BAB2F7 /* RetroTransition.framework */;
			productType = "com.apple.product-type.framework";
		};
/* End PBXNativeTarget section */

/* Begin PBXProject section */
		F664C90C2241487500BAB2F7 /* Project object */ = {
			isa = PBXProject;
			attributes = {
				LastSwiftUpdateCheck = 1010;
				LastUpgradeCheck = 1010;
				ORGANIZATIONNAME = "Campbell Gray";
				TargetAttributes = {
					F664C9132241487500BAB2F7 = {
						CreatedOnToolsVersion = 10.1;
					};
					F664C99422457C4400BAB2F7 = {
						CreatedOnToolsVersion = 10.1;
					};
				};
			};
			buildConfigurationList = F664C90F2241487500BAB2F7 /* Build configuration list for PBXProject "RetroTransition" */;
			compatibilityVersion = "Xcode 9.3";
			developmentRegion = en;
			hasScannedForEncodings = 0;
			knownRegions = (
				en,
				Base,
			);
			mainGroup = F664C90B2241487500BAB2F7;
			productRefGroup = F664C9152241487500BAB2F7 /* Products */;
			projectDirPath = "";
			projectRoot = "";
			targets = (
				F664C9132241487500BAB2F7 /* RetroTransitionExample */,
				F664C99422457C4400BAB2F7 /* RetroTransition */,
			);
		};
/* End PBXProject section */

/* Begin PBXResourcesBuildPhase section */
		F664C9122241487500BAB2F7 /* Resources */ = {
			isa = PBXResourcesBuildPhase;
			buildActionMask = 2147483647;
			files = (
				F664C96B22414DA500BAB2F7 /* photo33.jpg in Resources */,
				F664C945224149E000BAB2F7 /* photo4.jpg in Resources */,
				F664C944224149E000BAB2F7 /* photo13.jpg in Resources */,
				F664C93D224149E000BAB2F7 /* photo17.jpg in Resources */,
				F664C93C224149E000BAB2F7 /* photo9.jpg in Resources */,
				F664C97322414DA500BAB2F7 /* photo29.jpg in Resources */,
				F664C940224149E000BAB2F7 /* photo15.jpg in Resources */,
				F664C96922414DA500BAB2F7 /* photo32.jpg in Resources */,
				F664C947224149E000BAB2F7 /* photo7.jpg in Resources */,
				F664C941224149E000BAB2F7 /* photo11.jpg in Resources */,
				F664C97022414DA500BAB2F7 /* photo26.jpg in Resources */,
				F664C96422414DA500BAB2F7 /* photo22.jpg in Resources */,
				F664C96722414DA500BAB2F7 /* photo19.jpg in Resources */,
				F664C96F22414DA500BAB2F7 /* photo34.jpg in Resources */,
				F664C946224149E000BAB2F7 /* photo5.jpg in Resources */,
				F664C93F224149E000BAB2F7 /* photo14.jpg in Resources */,
				F664C96222414DA500BAB2F7 /* photo31.jpg in Resources */,
				F664C96822414DA500BAB2F7 /* photo30.jpg in Resources */,
				F664C948224149E000BAB2F7 /* photo6.jpg in Resources */,
				F664C9222241487500BAB2F7 /* LaunchScreen.storyboard in Resources */,
				F664C93E224149E000BAB2F7 /* photo16.jpg in Resources */,
				F664C94A224149E000BAB2F7 /* photo3.jpg in Resources */,
				F664C942224149E000BAB2F7 /* photo10.jpg in Resources */,
				F664C96A22414DA500BAB2F7 /* photo24.jpg in Resources */,
				F664C97222414DA500BAB2F7 /* photo25.jpg in Resources */,
				F664C94B224149E000BAB2F7 /* photo1.jpg in Resources */,
				F664C96E22414DA500BAB2F7 /* photo27.jpg in Resources */,
				F664C93B224149E000BAB2F7 /* photo8.jpg in Resources */,
				F664C943224149E000BAB2F7 /* photo12.jpg in Resources */,
				F664C949224149E000BAB2F7 /* photo2.jpg in Resources */,
				F664C97122414DA500BAB2F7 /* photo28.jpg in Resources */,
				F664C96622414DA500BAB2F7 /* photo20.jpg in Resources */,
				F664C91F2241487500BAB2F7 /* Assets.xcassets in Resources */,
				F664C96522414DA500BAB2F7 /* photo18.jpg in Resources */,
				F664C96122414DA500BAB2F7 /* photo21.jpg in Resources */,
				F664C96322414DA500BAB2F7 /* photo23.jpg in Resources */,
			);
			runOnlyForDeploymentPostprocessing = 0;
		};
		F664C99322457C4400BAB2F7 /* Resources */ = {
			isa = PBXResourcesBuildPhase;
			buildActionMask = 2147483647;
			files = (
			);
			runOnlyForDeploymentPostprocessing = 0;
		};
/* End PBXResourcesBuildPhase section */

/* Begin PBXSourcesBuildPhase section */
		F664C9102241487500BAB2F7 /* Sources */ = {
			isa = PBXSourcesBuildPhase;
			buildActionMask = 2147483647;
			files = (
				F664C91A2241487500BAB2F7 /* PhotosGridViewController.swift in Sources */,
				F664C97522414F6F00BAB2F7 /* PhotoViewController.swift in Sources */,
				F664C94D22414B0100BAB2F7 /* PhotoCell.swift in Sources */,
				F664C97E2243E5D400BAB2F7 /* UIImage+Extensions.swift in Sources */,
				F664C9182241487500BAB2F7 /* AppDelegate.swift in Sources */,
			);
			runOnlyForDeploymentPostprocessing = 0;
		};
		F664C99122457C4400BAB2F7 /* Sources */ = {
			isa = PBXSourcesBuildPhase;
			buildActionMask = 2147483647;
			files = (
				F664C9A722457C6C00BAB2F7 /* MultiCircleRetroTransition.swift in Sources */,
				F664C9A322457C6C00BAB2F7 /* ClockRetroTransition.swift in Sources */,
				F6BE6B5422494744002FAC06 /* StraightLineRetroAnimation.swift in Sources */,
				F664C9A422457C6C00BAB2F7 /* CircleRetroTransition.swift in Sources */,
				F664C9A622457C6C00BAB2F7 /* RectanglerRetroTransition.swift in Sources */,
				F664C9A822457C6C00BAB2F7 /* FlipRetroTransition.swift in Sources */,
				F664C9D12245E9A800BAB2F7 /* ImageRepeatingRetroTransition.swift in Sources */,
				F6BE6B5622494941002FAC06 /* CollidingDiamondsRetroTransition.swift in Sources */,
				F6BE6B58224950D1002FAC06 /* ShrinkingGrowingDiamondsRetroTransition.swift in Sources */,
				F664C9D42245F00600BAB2F7 /* MultiFlipRetroAnimation.swift in Sources */,
				F664C9A922457C6C00BAB2F7 /* TiledFlipRetroTransition.swift in Sources */,
				F664C9A522457C6C00BAB2F7 /* CrossFadeRetroTransition.swift in Sources */,
				F6BE6B5A22496882002FAC06 /* SplitFromCenterRetroTransition.swift in Sources */,
				F6BE6B5C22496AB8002FAC06 /* SwingInRetroTransition.swift in Sources */,
				F664C9A222457C6C00BAB2F7 /* RetroTransition.swift in Sources */,
				F6BE6B5222492CE7002FAC06 /* AngleLineRetroTransition.swift in Sources */,
			);
			runOnlyForDeploymentPostprocessing = 0;
		};
/* End PBXSourcesBuildPhase section */

/* Begin PBXTargetDependency section */
		F664C99B22457C4400BAB2F7 /* PBXTargetDependency */ = {
			isa = PBXTargetDependency;
			target = F664C99422457C4400BAB2F7 /* RetroTransition */;
			targetProxy = F664C99A22457C4400BAB2F7 /* PBXContainerItemProxy */;
		};
/* End PBXTargetDependency section */

/* Begin PBXVariantGroup section */
		F664C9202241487500BAB2F7 /* LaunchScreen.storyboard */ = {
			isa = PBXVariantGroup;
			children = (
				F664C9212241487500BAB2F7 /* Base */,
			);
			name = LaunchScreen.storyboard;
			sourceTree = "<group>";
		};
/* End PBXVariantGroup section */

/* Begin XCBuildConfiguration section */
		F664C9242241487500BAB2F7 /* Debug */ = {
			isa = XCBuildConfiguration;
			buildSettings = {
				ALWAYS_SEARCH_USER_PATHS = NO;
				CLANG_ANALYZER_NONNULL = YES;
				CLANG_ANALYZER_NUMBER_OBJECT_CONVERSION = YES_AGGRESSIVE;
				CLANG_CXX_LANGUAGE_STANDARD = "gnu++14";
				CLANG_CXX_LIBRARY = "libc++";
				CLANG_ENABLE_MODULES = YES;
				CLANG_ENABLE_OBJC_ARC = YES;
				CLANG_ENABLE_OBJC_WEAK = YES;
				CLANG_WARN_BLOCK_CAPTURE_AUTORELEASING = YES;
				CLANG_WARN_BOOL_CONVERSION = YES;
				CLANG_WARN_COMMA = YES;
				CLANG_WARN_CONSTANT_CONVERSION = YES;
				CLANG_WARN_DEPRECATED_OBJC_IMPLEMENTATIONS = YES;
				CLANG_WARN_DIRECT_OBJC_ISA_USAGE = YES_ERROR;
				CLANG_WARN_DOCUMENTATION_COMMENTS = YES;
				CLANG_WARN_EMPTY_BODY = YES;
				CLANG_WARN_ENUM_CONVERSION = YES;
				CLANG_WARN_INFINITE_RECURSION = YES;
				CLANG_WARN_INT_CONVERSION = YES;
				CLANG_WARN_NON_LITERAL_NULL_CONVERSION = YES;
				CLANG_WARN_OBJC_IMPLICIT_RETAIN_SELF = YES;
				CLANG_WARN_OBJC_LITERAL_CONVERSION = YES;
				CLANG_WARN_OBJC_ROOT_CLASS = YES_ERROR;
				CLANG_WARN_RANGE_LOOP_ANALYSIS = YES;
				CLANG_WARN_STRICT_PROTOTYPES = YES;
				CLANG_WARN_SUSPICIOUS_MOVE = YES;
				CLANG_WARN_UNGUARDED_AVAILABILITY = YES_AGGRESSIVE;
				CLANG_WARN_UNREACHABLE_CODE = YES;
				CLANG_WARN__DUPLICATE_METHOD_MATCH = YES;
				CODE_SIGN_IDENTITY = "iPhone Developer";
				COPY_PHASE_STRIP = NO;
				DEBUG_INFORMATION_FORMAT = dwarf;
				ENABLE_STRICT_OBJC_MSGSEND = YES;
				ENABLE_TESTABILITY = YES;
				GCC_C_LANGUAGE_STANDARD = gnu11;
				GCC_DYNAMIC_NO_PIC = NO;
				GCC_NO_COMMON_BLOCKS = YES;
				GCC_OPTIMIZATION_LEVEL = 0;
				GCC_PREPROCESSOR_DEFINITIONS = (
					"DEBUG=1",
					"$(inherited)",
				);
				GCC_WARN_64_TO_32_BIT_CONVERSION = YES;
				GCC_WARN_ABOUT_RETURN_TYPE = YES_ERROR;
				GCC_WARN_UNDECLARED_SELECTOR = YES;
				GCC_WARN_UNINITIALIZED_AUTOS = YES_AGGRESSIVE;
				GCC_WARN_UNUSED_FUNCTION = YES;
				GCC_WARN_UNUSED_VARIABLE = YES;
				IPHONEOS_DEPLOYMENT_TARGET = 12.1;
				MTL_ENABLE_DEBUG_INFO = INCLUDE_SOURCE;
				MTL_FAST_MATH = YES;
				ONLY_ACTIVE_ARCH = YES;
				SDKROOT = iphoneos;
				SWIFT_ACTIVE_COMPILATION_CONDITIONS = DEBUG;
				SWIFT_OPTIMIZATION_LEVEL = "-Onone";
			};
			name = Debug;
		};
		F664C9252241487500BAB2F7 /* Release */ = {
			isa = XCBuildConfiguration;
			buildSettings = {
				ALWAYS_SEARCH_USER_PATHS = NO;
				CLANG_ANALYZER_NONNULL = YES;
				CLANG_ANALYZER_NUMBER_OBJECT_CONVERSION = YES_AGGRESSIVE;
				CLANG_CXX_LANGUAGE_STANDARD = "gnu++14";
				CLANG_CXX_LIBRARY = "libc++";
				CLANG_ENABLE_MODULES = YES;
				CLANG_ENABLE_OBJC_ARC = YES;
				CLANG_ENABLE_OBJC_WEAK = YES;
				CLANG_WARN_BLOCK_CAPTURE_AUTORELEASING = YES;
				CLANG_WARN_BOOL_CONVERSION = YES;
				CLANG_WARN_COMMA = YES;
				CLANG_WARN_CONSTANT_CONVERSION = YES;
				CLANG_WARN_DEPRECATED_OBJC_IMPLEMENTATIONS = YES;
				CLANG_WARN_DIRECT_OBJC_ISA_USAGE = YES_ERROR;
				CLANG_WARN_DOCUMENTATION_COMMENTS = YES;
				CLANG_WARN_EMPTY_BODY = YES;
				CLANG_WARN_ENUM_CONVERSION = YES;
				CLANG_WARN_INFINITE_RECURSION = YES;
				CLANG_WARN_INT_CONVERSION = YES;
				CLANG_WARN_NON_LITERAL_NULL_CONVERSION = YES;
				CLANG_WARN_OBJC_IMPLICIT_RETAIN_SELF = YES;
				CLANG_WARN_OBJC_LITERAL_CONVERSION = YES;
				CLANG_WARN_OBJC_ROOT_CLASS = YES_ERROR;
				CLANG_WARN_RANGE_LOOP_ANALYSIS = YES;
				CLANG_WARN_STRICT_PROTOTYPES = YES;
				CLANG_WARN_SUSPICIOUS_MOVE = YES;
				CLANG_WARN_UNGUARDED_AVAILABILITY = YES_AGGRESSIVE;
				CLANG_WARN_UNREACHABLE_CODE = YES;
				CLANG_WARN__DUPLICATE_METHOD_MATCH = YES;
				CODE_SIGN_IDENTITY = "iPhone Developer";
				COPY_PHASE_STRIP = NO;
				DEBUG_INFORMATION_FORMAT = "dwarf-with-dsym";
				ENABLE_NS_ASSERTIONS = NO;
				ENABLE_STRICT_OBJC_MSGSEND = YES;
				GCC_C_LANGUAGE_STANDARD = gnu11;
				GCC_NO_COMMON_BLOCKS = YES;
				GCC_WARN_64_TO_32_BIT_CONVERSION = YES;
				GCC_WARN_ABOUT_RETURN_TYPE = YES_ERROR;
				GCC_WARN_UNDECLARED_SELECTOR = YES;
				GCC_WARN_UNINITIALIZED_AUTOS = YES_AGGRESSIVE;
				GCC_WARN_UNUSED_FUNCTION = YES;
				GCC_WARN_UNUSED_VARIABLE = YES;
				IPHONEOS_DEPLOYMENT_TARGET = 12.1;
				MTL_ENABLE_DEBUG_INFO = NO;
				MTL_FAST_MATH = YES;
				SDKROOT = iphoneos;
				SWIFT_COMPILATION_MODE = wholemodule;
				SWIFT_OPTIMIZATION_LEVEL = "-O";
				VALIDATE_PRODUCT = YES;
			};
			name = Release;
		};
		F664C9272241487500BAB2F7 /* Debug */ = {
			isa = XCBuildConfiguration;
			buildSettings = {
				ALWAYS_EMBED_SWIFT_STANDARD_LIBRARIES = YES;
				ASSETCATALOG_COMPILER_APPICON_NAME = AppIcon;
				CODE_SIGN_STYLE = Automatic;
				DEVELOPMENT_TEAM = PZRFS893FD;
				INFOPLIST_FILE = RetroTransition/Info.plist;
				IPHONEOS_DEPLOYMENT_TARGET = 11.0;
				LD_RUNPATH_SEARCH_PATHS = (
					"$(inherited)",
					"@executable_path/Frameworks",
				);
				PRODUCT_BUNDLE_IDENTIFIER = com.tinsoldiersoftware.RetroTransitionExample;
				PRODUCT_NAME = "$(TARGET_NAME)";
				SWIFT_VERSION = 4.2;
				TARGETED_DEVICE_FAMILY = 1;
			};
			name = Debug;
		};
		F664C9282241487500BAB2F7 /* Release */ = {
			isa = XCBuildConfiguration;
			buildSettings = {
				ALWAYS_EMBED_SWIFT_STANDARD_LIBRARIES = YES;
				ASSETCATALOG_COMPILER_APPICON_NAME = AppIcon;
				CODE_SIGN_STYLE = Automatic;
				DEVELOPMENT_TEAM = PZRFS893FD;
				INFOPLIST_FILE = RetroTransition/Info.plist;
				IPHONEOS_DEPLOYMENT_TARGET = 11.0;
				LD_RUNPATH_SEARCH_PATHS = (
					"$(inherited)",
					"@executable_path/Frameworks",
				);
				PRODUCT_BUNDLE_IDENTIFIER = com.tinsoldiersoftware.RetroTransitionExample;
				PRODUCT_NAME = "$(TARGET_NAME)";
				SWIFT_VERSION = 4.2;
				TARGETED_DEVICE_FAMILY = 1;
			};
			name = Release;
		};
		F664C99F22457C4400BAB2F7 /* Debug */ = {
			isa = XCBuildConfiguration;
			buildSettings = {
				CODE_SIGN_IDENTITY = "";
				CODE_SIGN_STYLE = Automatic;
				CURRENT_PROJECT_VERSION = 1;
				DEFINES_MODULE = YES;
				DEVELOPMENT_TEAM = PZRFS893FD;
				DYLIB_COMPATIBILITY_VERSION = 1;
				DYLIB_CURRENT_VERSION = 1;
				DYLIB_INSTALL_NAME_BASE = "@rpath";
				INFOPLIST_FILE = RetroTransition/Info.plist;
				INSTALL_PATH = "$(LOCAL_LIBRARY_DIR)/Frameworks";
				IPHONEOS_DEPLOYMENT_TARGET = 11.0;
				LD_RUNPATH_SEARCH_PATHS = (
					"$(inherited)",
					"@executable_path/Frameworks",
					"@loader_path/Frameworks",
				);
				PRODUCT_BUNDLE_IDENTIFIER = com.tinsoldiersoftware.RetroTransition;
				PRODUCT_NAME = "$(TARGET_NAME:c99extidentifier)";
				SKIP_INSTALL = YES;
				SWIFT_VERSION = 4.2;
				TARGETED_DEVICE_FAMILY = "1,2";
				VERSIONING_SYSTEM = "apple-generic";
				VERSION_INFO_PREFIX = "";
			};
			name = Debug;
		};
		F664C9A022457C4400BAB2F7 /* Release */ = {
			isa = XCBuildConfiguration;
			buildSettings = {
				CODE_SIGN_IDENTITY = "";
				CODE_SIGN_STYLE = Automatic;
				CURRENT_PROJECT_VERSION = 1;
				DEFINES_MODULE = YES;
				DEVELOPMENT_TEAM = PZRFS893FD;
				DYLIB_COMPATIBILITY_VERSION = 1;
				DYLIB_CURRENT_VERSION = 1;
				DYLIB_INSTALL_NAME_BASE = "@rpath";
				INFOPLIST_FILE = RetroTransition/Info.plist;
				INSTALL_PATH = "$(LOCAL_LIBRARY_DIR)/Frameworks";
				IPHONEOS_DEPLOYMENT_TARGET = 11.0;
				LD_RUNPATH_SEARCH_PATHS = (
					"$(inherited)",
					"@executable_path/Frameworks",
					"@loader_path/Frameworks",
				);
				PRODUCT_BUNDLE_IDENTIFIER = com.tinsoldiersoftware.RetroTransition;
				PRODUCT_NAME = "$(TARGET_NAME:c99extidentifier)";
				SKIP_INSTALL = YES;
				SWIFT_VERSION = 4.2;
				TARGETED_DEVICE_FAMILY = "1,2";
				VERSIONING_SYSTEM = "apple-generic";
				VERSION_INFO_PREFIX = "";
			};
			name = Release;
		};
/* End XCBuildConfiguration section */

/* Begin XCConfigurationList section */
		F664C90F2241487500BAB2F7 /* Build configuration list for PBXProject "RetroTransition" */ = {
			isa = XCConfigurationList;
			buildConfigurations = (
				F664C9242241487500BAB2F7 /* Debug */,
				F664C9252241487500BAB2F7 /* Release */,
			);
			defaultConfigurationIsVisible = 0;
			defaultConfigurationName = Release;
		};
		F664C9262241487500BAB2F7 /* Build configuration list for PBXNativeTarget "RetroTransitionExample" */ = {
			isa = XCConfigurationList;
			buildConfigurations = (
				F664C9272241487500BAB2F7 /* Debug */,
				F664C9282241487500BAB2F7 /* Release */,
			);
			defaultConfigurationIsVisible = 0;
			defaultConfigurationName = Release;
		};
		F664C99E22457C4400BAB2F7 /* Build configuration list for PBXNativeTarget "RetroTransition" */ = {
			isa = XCConfigurationList;
			buildConfigurations = (
				F664C99F22457C4400BAB2F7 /* Debug */,
				F664C9A022457C4400BAB2F7 /* Release */,
			);
			defaultConfigurationIsVisible = 0;
			defaultConfigurationName = Release;
		};
/* End XCConfigurationList section */
	};
	rootObject = F664C90C2241487500BAB2F7 /* Project object */;
}
